
Microsoft Visual Studio Solution File, Format Version 12.00
# Visual Studio Version 16
VisualStudioVersion = 16.0.29123.88
MinimumVisualStudioVersion = 10.0.40219.1
Project("{FAE04EC0-301F-11D3-BF4B-00C04F79EFBC}") = "Vlaggen van de wereld", "Vlaggen van de wereld\Vlaggen van de wereld.csproj", "{1C5EFBE2-0265-4D60-8889-292FB94793C8}"
EndProject
Global
	GlobalSection(SolutionConfigurationPlatforms) = preSolution
		Debug|Any CPU = Debug|Any CPU
		Release|Any CPU = Release|Any CPU
	EndGlobalSection
	GlobalSection(ProjectConfigurationPlatforms) = postSolution
		{1C5EFBE2-0265-4D60-8889-292FB94793C8}.Debug|Any CPU.ActiveCfg = Debug|Any CPU
		{1C5EFBE2-0265-4D60-8889-292FB94793C8}.Debug|Any CPU.Build.0 = Debug|Any CPU
		{1C5EFBE2-0265-4D60-8889-292FB94793C8}.Release|Any CPU.ActiveCfg = Release|Any CPU
		{1C5EFBE2-0265-4D60-8889-292FB94793C8}.Release|Any CPU.Build.0 = Release|Any CPU
	EndGlobalSection
	GlobalSection(SolutionProperties) = preSolution
		HideSolutionNode = FALSE
	EndGlobalSection
	GlobalSection(ExtensibilityGlobals) = postSolution
		SolutionGuid = {302C0FFF-3EF5-4CD7-B174-80B64671E81B}
	EndGlobalSection
EndGlobal
